
Microsoft Visual Studio Solution File, Format Version 10.00
# Visual Studio 2008
Project("{8BC9CEB8-8B4A-11D0-8D11-00A0C91BC942}") = "xlzhuathku_depthcolor", "xlzhuathku_depthcolor\xlzhuathku_depthcolor.vcproj", "{82224DD3-7211-4B5B-B2D2-34649556B1E2}"
EndProject
Global
	GlobalSection(SolutionConfigurationPlatforms) = preSolution
		Debug|Win32 = Debug|Win32
		Release|Win32 = Release|Win32
	EndGlobalSection
	GlobalSection(ProjectConfigurationPlatforms) = postSolution
		{82224DD3-7211-4B5B-B2D2-34649556B1E2}.Debug|Win32.ActiveCfg = Debug|Win32
		{82224DD3-7211-4B5B-B2D2-34649556B1E2}.Debug|Win32.Build.0 = Debug|Win32
		{82224DD3-7211-4B5B-B2D2-34649556B1E2}.Release|Win32.ActiveCfg = Release|Win32
		{82224DD3-7211-4B5B-B2D2-34649556B1E2}.Release|Win32.Build.0 = Release|Win32
	EndGlobalSection
	GlobalSection(SolutionProperties) = preSolution
		HideSolutionNode = FALSE
	EndGlobalSection
EndGlobal
