
Microsoft Visual Studio Solution File, Format Version 10.00
# Visual Studio 2008
Project("{8BC9CEB8-8B4A-11D0-8D11-00A0C91BC942}") = "xlzhuathku_depthcolor", "xlzhuathku_depthcolor\xlzhuathku_depthcolor.vcproj", "{82224DD3-7211-4B5B-B2D2-34649556B1E2}"
EndProject
Project("{2150E333-8FDC-42A3-9474-1A3956D46DE8}") = "Solution Items", "Solution Items", "{D27F7EA6-A2A3-4822-8019-ADF39A2DB744}"
	ProjectSection(SolutionItems) = preProject
		README = README
	EndProjectSection
EndProject
Project("{8BC9CEB8-8B4A-11D0-8D11-00A0C91BC942}") = "rf_id3", "rf_id3\rf_id3.vcproj", "{E5A0DF6E-0F16-41CC-8510-50B0DF30D0CC}"
EndProject
Project("{8BC9CEB8-8B4A-11D0-8D11-00A0C91BC942}") = "rf_featuregenerator", "rf_featuregenerator\rf_featuregenerator.vcproj", "{6DF179F2-A804-4105-8E03-59002A07682D}"
EndProject
Project("{8BC9CEB8-8B4A-11D0-8D11-00A0C91BC942}") = "rf_train", "rf_train\rf_train.vcproj", "{1A837F1E-F7B5-4D08-9B49-2F06B8131E05}"
EndProject
Project("{8BC9CEB8-8B4A-11D0-8D11-00A0C91BC942}") = "rf_img2float", "rf_img2float\rf_img2float.vcproj", "{87A144DA-17D8-4232-985E-4664998E88C3}"
EndProject
Project("{8BC9CEB8-8B4A-11D0-8D11-00A0C91BC942}") = "rf_id3_cpu", "rf_id3_cpu\rf_id3_cpu.vcproj", "{9EC49288-D27A-41E3-9884-B2F17B2C1363}"
EndProject
Global
	GlobalSection(SolutionConfigurationPlatforms) = preSolution
		Debug|Win32 = Debug|Win32
		Release|Win32 = Release|Win32
	EndGlobalSection
	GlobalSection(ProjectConfigurationPlatforms) = postSolution
		{82224DD3-7211-4B5B-B2D2-34649556B1E2}.Debug|Win32.ActiveCfg = Debug|Win32
		{82224DD3-7211-4B5B-B2D2-34649556B1E2}.Debug|Win32.Build.0 = Debug|Win32
		{82224DD3-7211-4B5B-B2D2-34649556B1E2}.Release|Win32.ActiveCfg = Release|Win32
		{82224DD3-7211-4B5B-B2D2-34649556B1E2}.Release|Win32.Build.0 = Release|Win32
		{E5A0DF6E-0F16-41CC-8510-50B0DF30D0CC}.Debug|Win32.ActiveCfg = Debug|Win32
		{E5A0DF6E-0F16-41CC-8510-50B0DF30D0CC}.Debug|Win32.Build.0 = Debug|Win32
		{E5A0DF6E-0F16-41CC-8510-50B0DF30D0CC}.Release|Win32.ActiveCfg = Release|Win32
		{E5A0DF6E-0F16-41CC-8510-50B0DF30D0CC}.Release|Win32.Build.0 = Release|Win32
		{6DF179F2-A804-4105-8E03-59002A07682D}.Debug|Win32.ActiveCfg = Debug|Win32
		{6DF179F2-A804-4105-8E03-59002A07682D}.Debug|Win32.Build.0 = Debug|Win32
		{6DF179F2-A804-4105-8E03-59002A07682D}.Release|Win32.ActiveCfg = Release|Win32
		{6DF179F2-A804-4105-8E03-59002A07682D}.Release|Win32.Build.0 = Release|Win32
		{1A837F1E-F7B5-4D08-9B49-2F06B8131E05}.Debug|Win32.ActiveCfg = Debug|Win32
		{1A837F1E-F7B5-4D08-9B49-2F06B8131E05}.Debug|Win32.Build.0 = Debug|Win32
		{1A837F1E-F7B5-4D08-9B49-2F06B8131E05}.Release|Win32.ActiveCfg = Release|Win32
		{1A837F1E-F7B5-4D08-9B49-2F06B8131E05}.Release|Win32.Build.0 = Release|Win32
		{87A144DA-17D8-4232-985E-4664998E88C3}.Debug|Win32.ActiveCfg = Debug|Win32
		{87A144DA-17D8-4232-985E-4664998E88C3}.Debug|Win32.Build.0 = Debug|Win32
		{87A144DA-17D8-4232-985E-4664998E88C3}.Release|Win32.ActiveCfg = Release|Win32
		{87A144DA-17D8-4232-985E-4664998E88C3}.Release|Win32.Build.0 = Release|Win32
		{9EC49288-D27A-41E3-9884-B2F17B2C1363}.Debug|Win32.ActiveCfg = Debug|Win32
		{9EC49288-D27A-41E3-9884-B2F17B2C1363}.Debug|Win32.Build.0 = Debug|Win32
		{9EC49288-D27A-41E3-9884-B2F17B2C1363}.Release|Win32.ActiveCfg = Release|Win32
		{9EC49288-D27A-41E3-9884-B2F17B2C1363}.Release|Win32.Build.0 = Release|Win32
	EndGlobalSection
	GlobalSection(SolutionProperties) = preSolution
		HideSolutionNode = FALSE
	EndGlobalSection
EndGlobal
